// !$*UTF8*$!
{
	archiveVersion = 1;
	classes = {
	};
	objectVersion = 46;
	objects = {

/* Begin PBXBuildFile section */
		5EC79D621C81D060000D7B05 /* AppDelegate.swift in Sources */ = {isa = PBXBuildFile; fileRef = 5EC79D611C81D060000D7B05 /* AppDelegate.swift */; };
		5EC79D641C81D060000D7B05 /* ViewController.swift in Sources */ = {isa = PBXBuildFile; fileRef = 5EC79D631C81D060000D7B05 /* ViewController.swift */; };
		5EC79D671C81D060000D7B05 /* Main.storyboard in Resources */ = {isa = PBXBuildFile; fileRef = 5EC79D651C81D060000D7B05 /* Main.storyboard */; };
		5EC79D691C81D060000D7B05 /* Assets.xcassets in Resources */ = {isa = PBXBuildFile; fileRef = 5EC79D681C81D060000D7B05 /* Assets.xcassets */; };
		5EC79D6C1C81D060000D7B05 /* LaunchScreen.storyboard in Resources */ = {isa = PBXBuildFile; fileRef = 5EC79D6A1C81D060000D7B05 /* LaunchScreen.storyboard */; };
/* End PBXBuildFile section */

/* Begin PBXFileReference section */
		5EC79D5E1C81D060000D7B05 /* Little Books.app */ = {isa = PBXFileReference; explicitFileType = wrapper.application; includeInIndex = 0; path = "Little Books.app"; sourceTree = BUILT_PRODUCTS_DIR; };
		5EC79D611C81D060000D7B05 /* AppDelegate.swift */ = {isa = PBXFileReference; lastKnownFileType = sourcecode.swift; path = AppDelegate.swift; sourceTree = "<group>"; };
		5EC79D631C81D060000D7B05 /* ViewController.swift */ = {isa = PBXFileReference; lastKnownFileType = sourcecode.swift; path = ViewController.swift; sourceTree = "<group>"; };
		5EC79D661C81D060000D7B05 /* Base */ = {isa = PBXFileReference; lastKnownFileType = file.storyboard; name = Base; path = Base.lproj/Main.storyboard; sourceTree = "<group>"; };
		5EC79D681C81D060000D7B05 /* Assets.xcassets */ = {isa = PBXFileReference; lastKnownFileType = folder.assetcatalog; path = Assets.xcassets; sourceTree = "<group>"; };
		5EC79D6B1C81D060000D7B05 /* Base */ = {isa = PBXFileReference; lastKnownFileType = file.storyboard; name = Base; path = Base.lproj/LaunchScreen.storyboard; sourceTree = "<group>"; };
		5EC79D6D1C81D060000D7B05 /* Info.plist */ = {isa = PBXFileReference; lastKnownFileType = text.plist.xml; path = Info.plist; sourceTree = "<group>"; };
/* End PBXFileReference section */

/* Begin PBXFrameworksBuildPhase section */
		5EC79D5B1C81D05F000D7B05 /* Frameworks */ = {
			isa = PBXFrameworksBuildPhase;
			buildActionMask = 2147483647;
			files = (
			);
			runOnlyForDeploymentPostprocessing = 0;
		};
/* End PBXFrameworksBuildPhase section */

/* Begin PBXGroup section */
		5EC79D551C81D05F000D7B05 = {
			isa = PBXGroup;
			children = (
				5EC79D601C81D060000D7B05 /* Little Books */,
				5EC79D5F1C81D060000D7B05 /* Products */,
			);
			sourceTree = "<group>";
		};
		5EC79D5F1C81D060000D7B05 /* Products */ = {
			isa = PBXGroup;
			children = (
				5EC79D5E1C81D060000D7B05 /* Little Books.app */,
			);
			name = Products;
			sourceTree = "<group>";
		};
		5EC79D601C81D060000D7B05 /* Little Books */ = {
			isa = PBXGroup;
			children = (
				5EC79D611C81D060000D7B05 /* AppDelegate.swift */,
				5EC79D631C81D060000D7B05 /* ViewController.swift */,
				5EC79D651C81D060000D7B05 /* Main.storyboard */,
				5EC79D681C81D060000D7B05 /* Assets.xcassets */,
				5EC79D6A1C81D060000D7B05 /* LaunchScreen.storyboard */,
				5EC79D6D1C81D060000D7B05 /* Info.plist */,
			);
			path = "Little Books";
			sourceTree = "<group>";
		};
/* End PBXGroup section */

/* Begin PBXNativeTarget section */
		5EC79D5D1C81D05F000D7B05 /* Little Books */ = {
			isa = PBXNativeTarget;
			buildConfigurationList = 5EC79D701C81D060000D7B05 /* Build configuration list for PBXNativeTarget "Little Books" */;
			buildPhases = (
				5EC79D5A1C81D05F000D7B05 /* Sources */,
				5EC79D5B1C81D05F000D7B05 /* Frameworks */,
				5EC79D5C1C81D05F000D7B05 /* Resources */,
			);
			buildRules = (
			);
			dependencies = (
			);
			name = "Little Books";
			productName = "Little Books";
			productReference = 5EC79D5E1C81D060000D7B05 /* Little Books.app */;
			productType = "com.apple.product-type.application";
		};
/* End PBXNativeTarget section */

/* Begin PBXProject section */
		5EC79D561C81D05F000D7B05 /* Project object */ = {
			isa = PBXProject;
			attributes = {
				LastSwiftUpdateCheck = 0720;
				LastUpgradeCheck = 0720;
				ORGANIZATIONNAME = Tigerspike;
				TargetAttributes = {
					5EC79D5D1C81D05F000D7B05 = {
						CreatedOnToolsVersion = 7.2.1;
					};
				};
			};
			buildConfigurationList = 5EC79D591C81D05F000D7B05 /* Build configuration list for PBXProject "Little Books" */;
			compatibilityVersion = "Xcode 3.2";
			developmentRegion = English;
			hasScannedForEncodings = 0;
			knownRegions = (
				en,
				Base,
			);
			mainGroup = 5EC79D551C81D05F000D7B05;
			productRefGroup = 5EC79D5F1C81D060000D7B05 /* Products */;
			projectDirPath = "";
			projectRoot = "";
			targets = (
				5EC79D5D1C81D05F000D7B05 /* Little Books */,
			);
		};
/* End PBXProject section */

/* Begin PBXResourcesBuildPhase section */
		5EC79D5C1C81D05F000D7B05 /* Resources */ = {
			isa = PBXResourcesBuildPhase;
			buildActionMask = 2147483647;
			files = (
				5EC79D6C1C81D060000D7B05 /* LaunchScreen.storyboard in Resources */,
				5EC79D691C81D060000D7B05 /* Assets.xcassets in Resources */,
				5EC79D671C81D060000D7B05 /* Main.storyboard in Resources */,
			);
			runOnlyForDeploymentPostprocessing = 0;
		};
/* End PBXResourcesBuildPhase section */

/* Begin PBXSourcesBuildPhase section */
		5EC79D5A1C81D05F000D7B05 /* Sources */ = {
			isa = PBXSourcesBuildPhase;
			buildActionMask = 2147483647;
			files = (
				5EC79D641C81D060000D7B05 /* ViewController.swift in Sources */,
				5EC79D621C81D060000D7B05 /* AppDelegate.swift in Sources */,
			);
			runOnlyForDeploymentPostprocessing = 0;
		};
/* End PBXSourcesBuildPhase section */

/* Begin PBXVariantGroup section */
		5EC79D651C81D060000D7B05 /* Main.storyboard */ = {
			isa = PBXVariantGroup;
			children = (
				5EC79D661C81D060000D7B05 /* Base */,
			);
			name = Main.storyboard;
			sourceTree = "<group>";
		};
		5EC79D6A1C81D060000D7B05 /* LaunchScreen.storyboard */ = {
			isa = PBXVariantGroup;
			children = (
				5EC79D6B1C81D060000D7B05 /* Base */,
			);
			name = LaunchScreen.storyboard;
			sourceTree = "<group>";
		};
/* End PBXVariantGroup section */

/* Begin XCBuildConfiguration section */
		5EC79D6E1C81D060000D7B05 /* Debug */ = {
			isa = XCBuildConfiguration;
			buildSettings = {
				ALWAYS_SEARCH_USER_PATHS = NO;
				CLANG_CXX_LANGUAGE_STANDARD = "gnu++0x";
				CLANG_CXX_LIBRARY = "libc++";
				CLANG_ENABLE_MODULES = YES;
				CLANG_ENABLE_OBJC_ARC = YES;
				CLANG_WARN_BOOL_CONVERSION = YES;
				CLANG_WARN_CONSTANT_CONVERSION = YES;
				CLANG_WARN_DIRECT_OBJC_ISA_USAGE = YES_ERROR;
				CLANG_WARN_EMPTY_BODY = YES;
				CLANG_WARN_ENUM_CONVERSION = YES;
				CLANG_WARN_INT_CONVERSION = YES;
				CLANG_WARN_OBJC_ROOT_CLASS = YES_ERROR;
				CLANG_WARN_UNREACHABLE_CODE = YES;
				CLANG_WARN__DUPLICATE_METHOD_MATCH = YES;
				"CODE_SIGN_IDENTITY[sdk=iphoneos*]" = "iPhone Developer";
				COPY_PHASE_STRIP = NO;
				DEBUG_INFORMATION_FORMAT = dwarf;
				ENABLE_STRICT_OBJC_MSGSEND = YES;
				ENABLE_TESTABILITY = YES;
				GCC_C_LANGUAGE_STANDARD = gnu99;
				GCC_DYNAMIC_NO_PIC = NO;
				GCC_NO_COMMON_BLOCKS = YES;
				GCC_OPTIMIZATION_LEVEL = 0;
				GCC_PREPROCESSOR_DEFINITIONS = (
					"DEBUG=1",
					"$(inherited)",
				);
				GCC_WARN_64_TO_32_BIT_CONVERSION = YES;
				GCC_WARN_ABOUT_RETURN_TYPE = YES_ERROR;
				GCC_WARN_UNDECLARED_SELECTOR = YES;
				GCC_WARN_UNINITIALIZED_AUTOS = YES_AGGRESSIVE;
				GCC_WARN_UNUSED_FUNCTION = YES;
				GCC_WARN_UNUSED_VARIABLE = YES;
				IPHONEOS_DEPLOYMENT_TARGET = 9.2;
				MTL_ENABLE_DEBUG_INFO = YES;
				ONLY_ACTIVE_ARCH = YES;
				SDKROOT = iphoneos;
				SWIFT_OPTIMIZATION_LEVEL = "-Onone";
				TARGETED_DEVICE_FAMILY = "1,2";
			};
			name = Debug;
		};
		5EC79D6F1C81D060000D7B05 /* Release */ = {
			isa = XCBuildConfiguration;
			buildSettings = {
				ALWAYS_SEARCH_USER_PATHS = NO;
				CLANG_CXX_LANGUAGE_STANDARD = "gnu++0x";
				CLANG_CXX_LIBRARY = "libc++";
				CLANG_ENABLE_MODULES = YES;
				CLANG_ENABLE_OBJC_ARC = YES;
				CLANG_WARN_BOOL_CONVERSION = YES;
				CLANG_WARN_CONSTANT_CONVERSION = YES;
				CLANG_WARN_DIRECT_OBJC_ISA_USAGE = YES_ERROR;
				CLANG_WARN_EMPTY_BODY = YES;
				CLANG_WARN_ENUM_CONVERSION = YES;
				CLANG_WARN_INT_CONVERSION = YES;
				CLANG_WARN_OBJC_ROOT_CLASS = YES_ERROR;
				CLANG_WARN_UNREACHABLE_CODE = YES;
				CLANG_WARN__DUPLICATE_METHOD_MATCH = YES;
				"CODE_SIGN_IDENTITY[sdk=iphoneos*]" = "iPhone Developer";
				COPY_PHASE_STRIP = NO;
				DEBUG_INFORMATION_FORMAT = "dwarf-with-dsym";
				ENABLE_NS_ASSERTIONS = NO;
				ENABLE_STRICT_OBJC_MSGSEND = YES;
				GCC_C_LANGUAGE_STANDARD = gnu99;
				GCC_NO_COMMON_BLOCKS = YES;
				GCC_WARN_64_TO_32_BIT_CONVERSION = YES;
				GCC_WARN_ABOUT_RETURN_TYPE = YES_ERROR;
				GCC_WARN_UNDECLARED_SELECTOR = YES;
				GCC_WARN_UNINITIALIZED_AUTOS = YES_AGGRESSIVE;
				GCC_WARN_UNUSED_FUNCTION = YES;
				GCC_WARN_UNUSED_VARIABLE = YES;
				IPHONEOS_DEPLOYMENT_TARGET = 9.2;
				MTL_ENABLE_DEBUG_INFO = NO;
				SDKROOT = iphoneos;
				TARGETED_DEVICE_FAMILY = "1,2";
				VALIDATE_PRODUCT = YES;
			};
			name = Release;
		};
		5EC79D711C81D060000D7B05 /* Debug */ = {
			isa = XCBuildConfiguration;
			buildSettings = {
				ASSETCATALOG_COMPILER_APPICON_NAME = AppIcon;
				INFOPLIST_FILE = "Little Books/Info.plist";
				LD_RUNPATH_SEARCH_PATHS = "$(inherited) @executable_path/Frameworks";
				PRODUCT_BUNDLE_IDENTIFIER = "com.tigerspike.Little-Books";
				PRODUCT_NAME = "$(TARGET_NAME)";
			};
			name = Debug;
		};
		5EC79D721C81D060000D7B05 /* Release */ = {
			isa = XCBuildConfiguration;
			buildSettings = {
				ASSETCATALOG_COMPILER_APPICON_NAME = AppIcon;
				INFOPLIST_FILE = "Little Books/Info.plist";
				LD_RUNPATH_SEARCH_PATHS = "$(inherited) @executable_path/Frameworks";
				PRODUCT_BUNDLE_IDENTIFIER = "com.tigerspike.Little-Books";
				PRODUCT_NAME = "$(TARGET_NAME)";
			};
			name = Release;
		};
/* End XCBuildConfiguration section */

/* Begin XCConfigurationList section */
		5EC79D591C81D05F000D7B05 /* Build configuration list for PBXProject "Little Books" */ = {
			isa = XCConfigurationList;
			buildConfigurations = (
				5EC79D6E1C81D060000D7B05 /* Debug */,
				5EC79D6F1C81D060000D7B05 /* Release */,
			);
			defaultConfigurationIsVisible = 0;
			defaultConfigurationName = Release;
		};
		5EC79D701C81D060000D7B05 /* Build configuration list for PBXNativeTarget "Little Books" */ = {
			isa = XCConfigurationList;
			buildConfigurations = (
				5EC79D711C81D060000D7B05 /* Debug */,
				5EC79D721C81D060000D7B05 /* Release */,
			);
			defaultConfigurationIsVisible = 0;
		};
/* End XCConfigurationList section */
	};
	rootObject = 5EC79D561C81D05F000D7B05 /* Project object */;
}
